
Microsoft Visual Studio Solution File, Format Version 12.00
# Visual Studio Version 17
VisualStudioVersion = 17.2.32630.192
MinimumVisualStudioVersion = 10.0.40219.1
Project("{FAE04EC0-301F-11D3-BF4B-00C04F79EFBC}") = "LimesInjector", "LimesInjector\LimesInjector.csproj", "{76A465B7-CF56-4C6F-817D-674B730FBD7E}"
EndProject
Global
	GlobalSection(SolutionConfigurationPlatforms) = preSolution
		Debug|Any CPU = Debug|Any CPU
		Release|Any CPU = Release|Any CPU
	EndGlobalSection
	GlobalSection(ProjectConfigurationPlatforms) = postSolution
		{76A465B7-CF56-4C6F-817D-674B730FBD7E}.Debug|Any CPU.ActiveCfg = Debug|Any CPU
		{76A465B7-CF56-4C6F-817D-674B730FBD7E}.Debug|Any CPU.Build.0 = Debug|Any CPU
		{76A465B7-CF56-4C6F-817D-674B730FBD7E}.Release|Any CPU.ActiveCfg = Release|Any CPU
		{76A465B7-CF56-4C6F-817D-674B730FBD7E}.Release|Any CPU.Build.0 = Release|Any CPU
	EndGlobalSection
	GlobalSection(SolutionProperties) = preSolution
		HideSolutionNode = FALSE
	EndGlobalSection
	GlobalSection(ExtensibilityGlobals) = postSolution
		SolutionGuid = {65B9A3F6-3AC0-4BB0-953B-20D044189B50}
	EndGlobalSection
EndGlobal
